
Microsoft Visual Studio Solution File, Format Version 12.00
# Visual Studio Version 16
VisualStudioVersion = 16.0.30517.126
MinimumVisualStudioVersion = 10.0.40219.1
Project("{FAE04EC0-301F-11D3-BF4B-00C04F79EFBC}") = "Functions", "Functions\Functions.csproj", "{8C007227-EA38-4AB6-A261-FD7DFF6EE67B}"
EndProject
Project("{FAE04EC0-301F-11D3-BF4B-00C04F79EFBC}") = "Calculator", "Calculator\Calculator.csproj", "{DF9B7B73-A531-4804-B315-B196E86F502F}"
EndProject
Global
	GlobalSection(SolutionConfigurationPlatforms) = preSolution
		Debug|Any CPU = Debug|Any CPU
		Release|Any CPU = Release|Any CPU
	EndGlobalSection
	GlobalSection(ProjectConfigurationPlatforms) = postSolution
		{8C007227-EA38-4AB6-A261-FD7DFF6EE67B}.Debug|Any CPU.ActiveCfg = Debug|Any CPU
		{8C007227-EA38-4AB6-A261-FD7DFF6EE67B}.Debug|Any CPU.Build.0 = Debug|Any CPU
		{8C007227-EA38-4AB6-A261-FD7DFF6EE67B}.Release|Any CPU.ActiveCfg = Release|Any CPU
		{8C007227-EA38-4AB6-A261-FD7DFF6EE67B}.Release|Any CPU.Build.0 = Release|Any CPU
		{DF9B7B73-A531-4804-B315-B196E86F502F}.Debug|Any CPU.ActiveCfg = Debug|Any CPU
		{DF9B7B73-A531-4804-B315-B196E86F502F}.Debug|Any CPU.Build.0 = Debug|Any CPU
		{DF9B7B73-A531-4804-B315-B196E86F502F}.Release|Any CPU.ActiveCfg = Release|Any CPU
		{DF9B7B73-A531-4804-B315-B196E86F502F}.Release|Any CPU.Build.0 = Release|Any CPU
	EndGlobalSection
	GlobalSection(SolutionProperties) = preSolution
		HideSolutionNode = FALSE
	EndGlobalSection
	GlobalSection(ExtensibilityGlobals) = postSolution
		SolutionGuid = {D76715F9-59AC-41C6-8375-4C0DA232D88D}
	EndGlobalSection
EndGlobal
